
Microsoft Visual Studio Solution File, Format Version 12.00
# Visual Studio 2012
Project("{FAE04EC0-301F-11D3-BF4B-00C04F79EFBC}") = "PartialClasses", "PartialClasses\PartialClasses.csproj", "{FBC8CF00-A08C-40CF-8D12-A6500F3DCDEF}"
EndProject
Global
	GlobalSection(SolutionConfigurationPlatforms) = preSolution
		Debug|Any CPU = Debug|Any CPU
		Release|Any CPU = Release|Any CPU
	EndGlobalSection
	GlobalSection(ProjectConfigurationPlatforms) = postSolution
		{FBC8CF00-A08C-40CF-8D12-A6500F3DCDEF}.Debug|Any CPU.ActiveCfg = Debug|Any CPU
		{FBC8CF00-A08C-40CF-8D12-A6500F3DCDEF}.Debug|Any CPU.Build.0 = Debug|Any CPU
		{FBC8CF00-A08C-40CF-8D12-A6500F3DCDEF}.Release|Any CPU.ActiveCfg = Release|Any CPU
		{FBC8CF00-A08C-40CF-8D12-A6500F3DCDEF}.Release|Any CPU.Build.0 = Release|Any CPU
	EndGlobalSection
EndGlobal
